
Microsoft Visual Studio Solution File, Format Version 12.00
# Visual Studio 2015
Project("{FAE04EC0-301F-11D3-BF4B-00C04F79EFBC}") = "fyp terraria.CSharp", "fyp terraria.CSharp.csproj", "{7F05635F-629C-8899-2275-C4ED6CB1DA4C}"
EndProject
Global
	GlobalSection(SolutionConfigurationPlatforms) = preSolution
		Debug|Any CPU = Debug|Any CPU
		Release|Any CPU = Release|Any CPU
	EndGlobalSection
	GlobalSection(ProjectConfigurationPlatforms) = postSolution
		{7F05635F-629C-8899-2275-C4ED6CB1DA4C}.Debug|Any CPU.ActiveCfg = Debug|Any CPU
		{7F05635F-629C-8899-2275-C4ED6CB1DA4C}.Debug|Any CPU.Build.0 = Debug|Any CPU
		{7F05635F-629C-8899-2275-C4ED6CB1DA4C}.Release|Any CPU.ActiveCfg = Release|Any CPU
		{7F05635F-629C-8899-2275-C4ED6CB1DA4C}.Release|Any CPU.Build.0 = Release|Any CPU
	EndGlobalSection
	GlobalSection(SolutionProperties) = preSolution
		HideSolutionNode = FALSE
	EndGlobalSection
EndGlobal
