
Microsoft Visual Studio Solution File, Format Version 12.00
# Visual Studio 2015
Project("{FAE04EC0-301F-11D3-BF4B-00C04F79EFBC}") = "fyp terraria12_09.CSharp.Plugins", "fyp terraria12_09.CSharp.Plugins.csproj", "{A464E682-FAC6-B64B-7E7A-C2B9A3FBB0C2}"
EndProject
Project("{FAE04EC0-301F-11D3-BF4B-00C04F79EFBC}") = "fyp terraria12_09.CSharp", "fyp terraria12_09.CSharp.csproj", "{BB695B02-F060-60C5-7F08-83C9ADF05B1F}"
EndProject
Global
	GlobalSection(SolutionConfigurationPlatforms) = preSolution
		Debug|Any CPU = Debug|Any CPU
		Release|Any CPU = Release|Any CPU
	EndGlobalSection
	GlobalSection(ProjectConfigurationPlatforms) = postSolution
		{A464E682-FAC6-B64B-7E7A-C2B9A3FBB0C2}.Debug|Any CPU.ActiveCfg = Debug|Any CPU
		{A464E682-FAC6-B64B-7E7A-C2B9A3FBB0C2}.Debug|Any CPU.Build.0 = Debug|Any CPU
		{A464E682-FAC6-B64B-7E7A-C2B9A3FBB0C2}.Release|Any CPU.ActiveCfg = Release|Any CPU
		{A464E682-FAC6-B64B-7E7A-C2B9A3FBB0C2}.Release|Any CPU.Build.0 = Release|Any CPU
		{BB695B02-F060-60C5-7F08-83C9ADF05B1F}.Debug|Any CPU.ActiveCfg = Debug|Any CPU
		{BB695B02-F060-60C5-7F08-83C9ADF05B1F}.Debug|Any CPU.Build.0 = Debug|Any CPU
		{BB695B02-F060-60C5-7F08-83C9ADF05B1F}.Release|Any CPU.ActiveCfg = Release|Any CPU
		{BB695B02-F060-60C5-7F08-83C9ADF05B1F}.Release|Any CPU.Build.0 = Release|Any CPU
	EndGlobalSection
	GlobalSection(SolutionProperties) = preSolution
		HideSolutionNode = FALSE
	EndGlobalSection
EndGlobal
